
Microsoft Visual Studio Solution File, Format Version 12.00
# Visual Studio Version 16
VisualStudioVersion = 16.0.31727.386
MinimumVisualStudioVersion = 10.0.40219.1
Project("{8BC9CEB8-8B4A-11D0-8D11-00A0C91BC942}") = "Project2", "Project2\Project2.vcxproj", "{9DA12873-AA4A-4AE1-B63F-15BCC0D174AE}"
EndProject
Global
	GlobalSection(SolutionConfigurationPlatforms) = preSolution
		Debug|x64 = Debug|x64
		Debug|x86 = Debug|x86
		Release|x64 = Release|x64
		Release|x86 = Release|x86
	EndGlobalSection
	GlobalSection(ProjectConfigurationPlatforms) = postSolution
		{9DA12873-AA4A-4AE1-B63F-15BCC0D174AE}.Debug|x64.ActiveCfg = Debug|x64
		{9DA12873-AA4A-4AE1-B63F-15BCC0D174AE}.Debug|x64.Build.0 = Debug|x64
		{9DA12873-AA4A-4AE1-B63F-15BCC0D174AE}.Debug|x86.ActiveCfg = Debug|Win32
		{9DA12873-AA4A-4AE1-B63F-15BCC0D174AE}.Debug|x86.Build.0 = Debug|Win32
		{9DA12873-AA4A-4AE1-B63F-15BCC0D174AE}.Release|x64.ActiveCfg = Release|x64
		{9DA12873-AA4A-4AE1-B63F-15BCC0D174AE}.Release|x64.Build.0 = Release|x64
		{9DA12873-AA4A-4AE1-B63F-15BCC0D174AE}.Release|x86.ActiveCfg = Release|Win32
		{9DA12873-AA4A-4AE1-B63F-15BCC0D174AE}.Release|x86.Build.0 = Release|Win32
	EndGlobalSection
	GlobalSection(SolutionProperties) = preSolution
		HideSolutionNode = FALSE
	EndGlobalSection
	GlobalSection(ExtensibilityGlobals) = postSolution
		SolutionGuid = {7A37D3DA-DBE4-4279-AD64-01FCD1798503}
	EndGlobalSection
EndGlobal
